
Microsoft Visual Studio Solution File, Format Version 12.00
Project("{FAE04EC0-301F-11D3-BF4B-00C04F79EFBC}") = "CastleWarServer", "CastleWarServer.csproj", "{1384335E-7D2C-4F05-A9DB-EC46364E1941}"
EndProject
Global
	GlobalSection(SolutionConfigurationPlatforms) = preSolution
		Debug|Any CPU = Debug|Any CPU
		Release|Any CPU = Release|Any CPU
	EndGlobalSection
	GlobalSection(ProjectConfigurationPlatforms) = postSolution
		{1384335E-7D2C-4F05-A9DB-EC46364E1941}.Debug|Any CPU.ActiveCfg = Debug|Any CPU
		{1384335E-7D2C-4F05-A9DB-EC46364E1941}.Debug|Any CPU.Build.0 = Debug|Any CPU
		{1384335E-7D2C-4F05-A9DB-EC46364E1941}.Release|Any CPU.ActiveCfg = Release|Any CPU
		{1384335E-7D2C-4F05-A9DB-EC46364E1941}.Release|Any CPU.Build.0 = Release|Any CPU
	EndGlobalSection
EndGlobal
